// !$*UTF8*$!
{
	archiveVersion = 1;
	classes = {
	};
	objectVersion = 46;
	objects = {

/* Begin PBXBuildFile section */
		393FD39617E8CA720061448C /* portadaJavi.png in Resources */ = {isa = PBXBuildFile; fileRef = 393FD39517E8CA720061448C /* portadaJavi.png */; };
		393FD39717E8CA720061448C /* portadaJavi.png in Resources */ = {isa = PBXBuildFile; fileRef = 393FD39517E8CA720061448C /* portadaJavi.png */; };
		398E66E017E41BF300E6DA3E /* LibroFenomenal.m in Sources */ = {isa = PBXBuildFile; fileRef = 398E66DF17E41BF300E6DA3E /* LibroFenomenal.m */; };
		398E66E117E41BF300E6DA3E /* LibroFenomenal.m in Sources */ = {isa = PBXBuildFile; fileRef = 398E66DF17E41BF300E6DA3E /* LibroFenomenal.m */; };
		39A9644617E58A8200D010BF /* InformacionLibroViewController.m in Sources */ = {isa = PBXBuildFile; fileRef = 39A9644517E58A8200D010BF /* InformacionLibroViewController.m */; };
		39A9644717E58A8200D010BF /* InformacionLibroViewController.m in Sources */ = {isa = PBXBuildFile; fileRef = 39A9644517E58A8200D010BF /* InformacionLibroViewController.m */; };
		39ADABB617E7A09800DE6256 /* portadaQuijote.jpg in Resources */ = {isa = PBXBuildFile; fileRef = 39ADABB517E7A09800DE6256 /* portadaQuijote.jpg */; };
		39ADABB717E7A09800DE6256 /* portadaQuijote.jpg in Resources */ = {isa = PBXBuildFile; fileRef = 39ADABB517E7A09800DE6256 /* portadaQuijote.jpg */; };
		39CE1BC817EDA59D00A1F42D /* NuevoLibroViewController.m in Sources */ = {isa = PBXBuildFile; fileRef = 39CE1BC717EDA59D00A1F42D /* NuevoLibroViewController.m */; };
		39CE1BC917EDA59D00A1F42D /* NuevoLibroViewController.m in Sources */ = {isa = PBXBuildFile; fileRef = 39CE1BC717EDA59D00A1F42D /* NuevoLibroViewController.m */; };
		39EB053F17DCD6BB00F057A0 /* Foundation.framework in Frameworks */ = {isa = PBXBuildFile; fileRef = 39EB053E17DCD6BB00F057A0 /* Foundation.framework */; };
		39EB054117DCD6BB00F057A0 /* CoreGraphics.framework in Frameworks */ = {isa = PBXBuildFile; fileRef = 39EB054017DCD6BB00F057A0 /* CoreGraphics.framework */; };
		39EB054317DCD6BB00F057A0 /* UIKit.framework in Frameworks */ = {isa = PBXBuildFile; fileRef = 39EB054217DCD6BB00F057A0 /* UIKit.framework */; };
		39EB054917DCD6BC00F057A0 /* InfoPlist.strings in Resources */ = {isa = PBXBuildFile; fileRef = 39EB054717DCD6BC00F057A0 /* InfoPlist.strings */; };
		39EB054B17DCD6BC00F057A0 /* main.m in Sources */ = {isa = PBXBuildFile; fileRef = 39EB054A17DCD6BC00F057A0 /* main.m */; };
		39EB054F17DCD6BC00F057A0 /* AppDelegate.m in Sources */ = {isa = PBXBuildFile; fileRef = 39EB054E17DCD6BC00F057A0 /* AppDelegate.m */; };
		39EB055217DCD6BC00F057A0 /* Main.storyboard in Resources */ = {isa = PBXBuildFile; fileRef = 39EB055017DCD6BC00F057A0 /* Main.storyboard */; };
		39EB055517DCD6BC00F057A0 /* ViewController.m in Sources */ = {isa = PBXBuildFile; fileRef = 39EB055417DCD6BC00F057A0 /* ViewController.m */; };
		39EB055717DCD6BC00F057A0 /* Images.xcassets in Resources */ = {isa = PBXBuildFile; fileRef = 39EB055617DCD6BC00F057A0 /* Images.xcassets */; };
		39EB055E17DCD6BC00F057A0 /* XCTest.framework in Frameworks */ = {isa = PBXBuildFile; fileRef = 39EB055D17DCD6BC00F057A0 /* XCTest.framework */; };
		39EB055F17DCD6BC00F057A0 /* Foundation.framework in Frameworks */ = {isa = PBXBuildFile; fileRef = 39EB053E17DCD6BB00F057A0 /* Foundation.framework */; };
		39EB056017DCD6BC00F057A0 /* UIKit.framework in Frameworks */ = {isa = PBXBuildFile; fileRef = 39EB054217DCD6BB00F057A0 /* UIKit.framework */; };
		39EB056817DCD6BC00F057A0 /* InfoPlist.strings in Resources */ = {isa = PBXBuildFile; fileRef = 39EB056617DCD6BC00F057A0 /* InfoPlist.strings */; };
		39EB056A17DCD6BC00F057A0 /* LibrosFenomenalesTests.m in Sources */ = {isa = PBXBuildFile; fileRef = 39EB056917DCD6BC00F057A0 /* LibrosFenomenalesTests.m */; };
		39F255E0180418B700FDE30D /* CeldaFenomenal.m in Sources */ = {isa = PBXBuildFile; fileRef = 39F255DF180418B700FDE30D /* CeldaFenomenal.m */; };
/* End PBXBuildFile section */

/* Begin PBXContainerItemProxy section */
		39EB056117DCD6BC00F057A0 /* PBXContainerItemProxy */ = {
			isa = PBXContainerItemProxy;
			containerPortal = 39EB053317DCD6BB00F057A0 /* Project object */;
			proxyType = 1;
			remoteGlobalIDString = 39EB053A17DCD6BB00F057A0;
			remoteInfo = LibrosFenomenales;
		};
/* End PBXContainerItemProxy section */

/* Begin PBXFileReference section */
		393FD39517E8CA720061448C /* portadaJavi.png */ = {isa = PBXFileReference; lastKnownFileType = image.png; path = portadaJavi.png; sourceTree = "<group>"; };
		398E66DE17E41BF300E6DA3E /* LibroFenomenal.h */ = {isa = PBXFileReference; fileEncoding = 4; lastKnownFileType = sourcecode.c.h; path = LibroFenomenal.h; sourceTree = "<group>"; };
		398E66DF17E41BF300E6DA3E /* LibroFenomenal.m */ = {isa = PBXFileReference; fileEncoding = 4; lastKnownFileType = sourcecode.c.objc; path = LibroFenomenal.m; sourceTree = "<group>"; };
		39A9644417E58A8200D010BF /* InformacionLibroViewController.h */ = {isa = PBXFileReference; fileEncoding = 4; lastKnownFileType = sourcecode.c.h; path = InformacionLibroViewController.h; sourceTree = "<group>"; };
		39A9644517E58A8200D010BF /* InformacionLibroViewController.m */ = {isa = PBXFileReference; fileEncoding = 4; lastKnownFileType = sourcecode.c.objc; path = InformacionLibroViewController.m; sourceTree = "<group>"; };
		39ADABB517E7A09800DE6256 /* portadaQuijote.jpg */ = {isa = PBXFileReference; lastKnownFileType = image.jpeg; path = portadaQuijote.jpg; sourceTree = "<group>"; };
		39CE1BC617EDA59D00A1F42D /* NuevoLibroViewController.h */ = {isa = PBXFileReference; fileEncoding = 4; lastKnownFileType = sourcecode.c.h; path = NuevoLibroViewController.h; sourceTree = "<group>"; };
		39CE1BC717EDA59D00A1F42D /* NuevoLibroViewController.m */ = {isa = PBXFileReference; fileEncoding = 4; lastKnownFileType = sourcecode.c.objc; path = NuevoLibroViewController.m; sourceTree = "<group>"; };
		39EB053B17DCD6BB00F057A0 /* LibrosFenomenales.app */ = {isa = PBXFileReference; explicitFileType = wrapper.application; includeInIndex = 0; path = LibrosFenomenales.app; sourceTree = BUILT_PRODUCTS_DIR; };
		39EB053E17DCD6BB00F057A0 /* Foundation.framework */ = {isa = PBXFileReference; lastKnownFileType = wrapper.framework; name = Foundation.framework; path = System/Library/Frameworks/Foundation.framework; sourceTree = SDKROOT; };
		39EB054017DCD6BB00F057A0 /* CoreGraphics.framework */ = {isa = PBXFileReference; lastKnownFileType = wrapper.framework; name = CoreGraphics.framework; path = System/Library/Frameworks/CoreGraphics.framework; sourceTree = SDKROOT; };
		39EB054217DCD6BB00F057A0 /* UIKit.framework */ = {isa = PBXFileReference; lastKnownFileType = wrapper.framework; name = UIKit.framework; path = System/Library/Frameworks/UIKit.framework; sourceTree = SDKROOT; };
		39EB054617DCD6BC00F057A0 /* LibrosFenomenales-Info.plist */ = {isa = PBXFileReference; lastKnownFileType = text.plist.xml; path = "LibrosFenomenales-Info.plist"; sourceTree = "<group>"; };
		39EB054817DCD6BC00F057A0 /* en */ = {isa = PBXFileReference; lastKnownFileType = text.plist.strings; name = en; path = en.lproj/InfoPlist.strings; sourceTree = "<group>"; };
		39EB054A17DCD6BC00F057A0 /* main.m */ = {isa = PBXFileReference; lastKnownFileType = sourcecode.c.objc; path = main.m; sourceTree = "<group>"; };
		39EB054C17DCD6BC00F057A0 /* LibrosFenomenales-Prefix.pch */ = {isa = PBXFileReference; lastKnownFileType = sourcecode.c.h; path = "LibrosFenomenales-Prefix.pch"; sourceTree = "<group>"; };
		39EB054D17DCD6BC00F057A0 /* AppDelegate.h */ = {isa = PBXFileReference; lastKnownFileType = sourcecode.c.h; path = AppDelegate.h; sourceTree = "<group>"; };
		39EB054E17DCD6BC00F057A0 /* AppDelegate.m */ = {isa = PBXFileReference; lastKnownFileType = sourcecode.c.objc; path = AppDelegate.m; sourceTree = "<group>"; };
		39EB055117DCD6BC00F057A0 /* Base */ = {isa = PBXFileReference; lastKnownFileType = file.storyboard; name = Base; path = Base.lproj/Main.storyboard; sourceTree = "<group>"; };
		39EB055317DCD6BC00F057A0 /* ViewController.h */ = {isa = PBXFileReference; lastKnownFileType = sourcecode.c.h; path = ViewController.h; sourceTree = "<group>"; };
		39EB055417DCD6BC00F057A0 /* ViewController.m */ = {isa = PBXFileReference; lastKnownFileType = sourcecode.c.objc; path = ViewController.m; sourceTree = "<group>"; };
		39EB055617DCD6BC00F057A0 /* Images.xcassets */ = {isa = PBXFileReference; lastKnownFileType = folder.assetcatalog; path = Images.xcassets; sourceTree = "<group>"; };
		39EB055C17DCD6BC00F057A0 /* LibrosFenomenalesTests.xctest */ = {isa = PBXFileReference; explicitFileType = wrapper.cfbundle; includeInIndex = 0; path = LibrosFenomenalesTests.xctest; sourceTree = BUILT_PRODUCTS_DIR; };
		39EB055D17DCD6BC00F057A0 /* XCTest.framework */ = {isa = PBXFileReference; lastKnownFileType = wrapper.framework; name = XCTest.framework; path = Library/Frameworks/XCTest.framework; sourceTree = DEVELOPER_DIR; };
		39EB056517DCD6BC00F057A0 /* LibrosFenomenalesTests-Info.plist */ = {isa = PBXFileReference; lastKnownFileType = text.plist.xml; path = "LibrosFenomenalesTests-Info.plist"; sourceTree = "<group>"; };
		39EB056717DCD6BC00F057A0 /* en */ = {isa = PBXFileReference; lastKnownFileType = text.plist.strings; name = en; path = en.lproj/InfoPlist.strings; sourceTree = "<group>"; };
		39EB056917DCD6BC00F057A0 /* LibrosFenomenalesTests.m */ = {isa = PBXFileReference; lastKnownFileType = sourcecode.c.objc; path = LibrosFenomenalesTests.m; sourceTree = "<group>"; };
		39F255DE180418B700FDE30D /* CeldaFenomenal.h */ = {isa = PBXFileReference; fileEncoding = 4; lastKnownFileType = sourcecode.c.h; path = CeldaFenomenal.h; sourceTree = "<group>"; };
		39F255DF180418B700FDE30D /* CeldaFenomenal.m */ = {isa = PBXFileReference; fileEncoding = 4; lastKnownFileType = sourcecode.c.objc; path = CeldaFenomenal.m; sourceTree = "<group>"; };
/* End PBXFileReference section */

/* Begin PBXFrameworksBuildPhase section */
		39EB053817DCD6BB00F057A0 /* Frameworks */ = {
			isa = PBXFrameworksBuildPhase;
			buildActionMask = 2147483647;
			files = (
				39EB054117DCD6BB00F057A0 /* CoreGraphics.framework in Frameworks */,
				39EB054317DCD6BB00F057A0 /* UIKit.framework in Frameworks */,
				39EB053F17DCD6BB00F057A0 /* Foundation.framework in Frameworks */,
			);
			runOnlyForDeploymentPostprocessing = 0;
		};
		39EB055917DCD6BC00F057A0 /* Frameworks */ = {
			isa = PBXFrameworksBuildPhase;
			buildActionMask = 2147483647;
			files = (
				39EB055E17DCD6BC00F057A0 /* XCTest.framework in Frameworks */,
				39EB056017DCD6BC00F057A0 /* UIKit.framework in Frameworks */,
				39EB055F17DCD6BC00F057A0 /* Foundation.framework in Frameworks */,
			);
			runOnlyForDeploymentPostprocessing = 0;
		};
/* End PBXFrameworksBuildPhase section */

/* Begin PBXGroup section */
		39EB053217DCD6BB00F057A0 = {
			isa = PBXGroup;
			children = (
				39EB054417DCD6BB00F057A0 /* LibrosFenomenales */,
				39EB056317DCD6BC00F057A0 /* LibrosFenomenalesTests */,
				39EB053D17DCD6BB00F057A0 /* Frameworks */,
				39EB053C17DCD6BB00F057A0 /* Products */,
				39ADABB517E7A09800DE6256 /* portadaQuijote.jpg */,
				393FD39517E8CA720061448C /* portadaJavi.png */,
			);
			sourceTree = "<group>";
		};
		39EB053C17DCD6BB00F057A0 /* Products */ = {
			isa = PBXGroup;
			children = (
				39EB053B17DCD6BB00F057A0 /* LibrosFenomenales.app */,
				39EB055C17DCD6BC00F057A0 /* LibrosFenomenalesTests.xctest */,
			);
			name = Products;
			sourceTree = "<group>";
		};
		39EB053D17DCD6BB00F057A0 /* Frameworks */ = {
			isa = PBXGroup;
			children = (
				39EB053E17DCD6BB00F057A0 /* Foundation.framework */,
				39EB054017DCD6BB00F057A0 /* CoreGraphics.framework */,
				39EB054217DCD6BB00F057A0 /* UIKit.framework */,
				39EB055D17DCD6BC00F057A0 /* XCTest.framework */,
			);
			name = Frameworks;
			sourceTree = "<group>";
		};
		39EB054417DCD6BB00F057A0 /* LibrosFenomenales */ = {
			isa = PBXGroup;
			children = (
				39EB054D17DCD6BC00F057A0 /* AppDelegate.h */,
				39EB054E17DCD6BC00F057A0 /* AppDelegate.m */,
				39F255DE180418B700FDE30D /* CeldaFenomenal.h */,
				39F255DF180418B700FDE30D /* CeldaFenomenal.m */,
				39EB055017DCD6BC00F057A0 /* Main.storyboard */,
				39CE1BC617EDA59D00A1F42D /* NuevoLibroViewController.h */,
				39CE1BC717EDA59D00A1F42D /* NuevoLibroViewController.m */,
				39A9644417E58A8200D010BF /* InformacionLibroViewController.h */,
				39A9644517E58A8200D010BF /* InformacionLibroViewController.m */,
				39EB055317DCD6BC00F057A0 /* ViewController.h */,
				39EB055417DCD6BC00F057A0 /* ViewController.m */,
				398E66DE17E41BF300E6DA3E /* LibroFenomenal.h */,
				398E66DF17E41BF300E6DA3E /* LibroFenomenal.m */,
				39EB055617DCD6BC00F057A0 /* Images.xcassets */,
				39EB054517DCD6BC00F057A0 /* Supporting Files */,
			);
			path = LibrosFenomenales;
			sourceTree = "<group>";
		};
		39EB054517DCD6BC00F057A0 /* Supporting Files */ = {
			isa = PBXGroup;
			children = (
				39EB054617DCD6BC00F057A0 /* LibrosFenomenales-Info.plist */,
				39EB054717DCD6BC00F057A0 /* InfoPlist.strings */,
				39EB054A17DCD6BC00F057A0 /* main.m */,
				39EB054C17DCD6BC00F057A0 /* LibrosFenomenales-Prefix.pch */,
			);
			name = "Supporting Files";
			sourceTree = "<group>";
		};
		39EB056317DCD6BC00F057A0 /* LibrosFenomenalesTests */ = {
			isa = PBXGroup;
			children = (
				39EB056917DCD6BC00F057A0 /* LibrosFenomenalesTests.m */,
				39EB056417DCD6BC00F057A0 /* Supporting Files */,
			);
			path = LibrosFenomenalesTests;
			sourceTree = "<group>";
		};
		39EB056417DCD6BC00F057A0 /* Supporting Files */ = {
			isa = PBXGroup;
			children = (
				39EB056517DCD6BC00F057A0 /* LibrosFenomenalesTests-Info.plist */,
				39EB056617DCD6BC00F057A0 /* InfoPlist.strings */,
			);
			name = "Supporting Files";
			sourceTree = "<group>";
		};
/* End PBXGroup section */

/* Begin PBXNativeTarget section */
		39EB053A17DCD6BB00F057A0 /* LibrosFenomenales */ = {
			isa = PBXNativeTarget;
			buildConfigurationList = 39EB056D17DCD6BC00F057A0 /* Build configuration list for PBXNativeTarget "LibrosFenomenales" */;
			buildPhases = (
				39EB053717DCD6BB00F057A0 /* Sources */,
				39EB053817DCD6BB00F057A0 /* Frameworks */,
				39EB053917DCD6BB00F057A0 /* Resources */,
			);
			buildRules = (
			);
			dependencies = (
			);
			name = LibrosFenomenales;
			productName = LibrosFenomenales;
			productReference = 39EB053B17DCD6BB00F057A0 /* LibrosFenomenales.app */;
			productType = "com.apple.product-type.application";
		};
		39EB055B17DCD6BC00F057A0 /* LibrosFenomenalesTests */ = {
			isa = PBXNativeTarget;
			buildConfigurationList = 39EB057017DCD6BC00F057A0 /* Build configuration list for PBXNativeTarget "LibrosFenomenalesTests" */;
			buildPhases = (
				39EB055817DCD6BC00F057A0 /* Sources */,
				39EB055917DCD6BC00F057A0 /* Frameworks */,
				39EB055A17DCD6BC00F057A0 /* Resources */,
			);
			buildRules = (
			);
			dependencies = (
				39EB056217DCD6BC00F057A0 /* PBXTargetDependency */,
			);
			name = LibrosFenomenalesTests;
			productName = LibrosFenomenalesTests;
			productReference = 39EB055C17DCD6BC00F057A0 /* LibrosFenomenalesTests.xctest */;
			productType = "com.apple.product-type.bundle.unit-test";
		};
/* End PBXNativeTarget section */

/* Begin PBXProject section */
		39EB053317DCD6BB00F057A0 /* Project object */ = {
			isa = PBXProject;
			attributes = {
				LastUpgradeCheck = 0500;
				ORGANIZATIONNAME = "(Lo que quieras)";
				TargetAttributes = {
					39EB055B17DCD6BC00F057A0 = {
						TestTargetID = 39EB053A17DCD6BB00F057A0;
					};
				};
			};
			buildConfigurationList = 39EB053617DCD6BB00F057A0 /* Build configuration list for PBXProject "LibrosFenomenales" */;
			compatibilityVersion = "Xcode 3.2";
			developmentRegion = English;
			hasScannedForEncodings = 0;
			knownRegions = (
				en,
				Base,
			);
			mainGroup = 39EB053217DCD6BB00F057A0;
			productRefGroup = 39EB053C17DCD6BB00F057A0 /* Products */;
			projectDirPath = "";
			projectRoot = "";
			targets = (
				39EB053A17DCD6BB00F057A0 /* LibrosFenomenales */,
				39EB055B17DCD6BC00F057A0 /* LibrosFenomenalesTests */,
			);
		};
/* End PBXProject section */

/* Begin PBXResourcesBuildPhase section */
		39EB053917DCD6BB00F057A0 /* Resources */ = {
			isa = PBXResourcesBuildPhase;
			buildActionMask = 2147483647;
			files = (
				39EB055717DCD6BC00F057A0 /* Images.xcassets in Resources */,
				39ADABB617E7A09800DE6256 /* portadaQuijote.jpg in Resources */,
				39EB054917DCD6BC00F057A0 /* InfoPlist.strings in Resources */,
				393FD39617E8CA720061448C /* portadaJavi.png in Resources */,
				39EB055217DCD6BC00F057A0 /* Main.storyboard in Resources */,
			);
			runOnlyForDeploymentPostprocessing = 0;
		};
		39EB055A17DCD6BC00F057A0 /* Resources */ = {
			isa = PBXResourcesBuildPhase;
			buildActionMask = 2147483647;
			files = (
				39EB056817DCD6BC00F057A0 /* InfoPlist.strings in Resources */,
				393FD39717E8CA720061448C /* portadaJavi.png in Resources */,
				39ADABB717E7A09800DE6256 /* portadaQuijote.jpg in Resources */,
			);
			runOnlyForDeploymentPostprocessing = 0;
		};
/* End PBXResourcesBuildPhase section */

/* Begin PBXSourcesBuildPhase section */
		39EB053717DCD6BB00F057A0 /* Sources */ = {
			isa = PBXSourcesBuildPhase;
			buildActionMask = 2147483647;
			files = (
				39F255E0180418B700FDE30D /* CeldaFenomenal.m in Sources */,
				39A9644617E58A8200D010BF /* InformacionLibroViewController.m in Sources */,
				398E66E017E41BF300E6DA3E /* LibroFenomenal.m in Sources */,
				39EB055517DCD6BC00F057A0 /* ViewController.m in Sources */,
				39CE1BC817EDA59D00A1F42D /* NuevoLibroViewController.m in Sources */,
				39EB054F17DCD6BC00F057A0 /* AppDelegate.m in Sources */,
				39EB054B17DCD6BC00F057A0 /* main.m in Sources */,
			);
			runOnlyForDeploymentPostprocessing = 0;
		};
		39EB055817DCD6BC00F057A0 /* Sources */ = {
			isa = PBXSourcesBuildPhase;
			buildActionMask = 2147483647;
			files = (
				398E66E117E41BF300E6DA3E /* LibroFenomenal.m in Sources */,
				39A9644717E58A8200D010BF /* InformacionLibroViewController.m in Sources */,
				39CE1BC917EDA59D00A1F42D /* NuevoLibroViewController.m in Sources */,
				39EB056A17DCD6BC00F057A0 /* LibrosFenomenalesTests.m in Sources */,
			);
			runOnlyForDeploymentPostprocessing = 0;
		};
/* End PBXSourcesBuildPhase section */

/* Begin PBXTargetDependency section */
		39EB056217DCD6BC00F057A0 /* PBXTargetDependency */ = {
			isa = PBXTargetDependency;
			target = 39EB053A17DCD6BB00F057A0 /* LibrosFenomenales */;
			targetProxy = 39EB056117DCD6BC00F057A0 /* PBXContainerItemProxy */;
		};
/* End PBXTargetDependency section */

/* Begin PBXVariantGroup section */
		39EB054717DCD6BC00F057A0 /* InfoPlist.strings */ = {
			isa = PBXVariantGroup;
			children = (
				39EB054817DCD6BC00F057A0 /* en */,
			);
			name = InfoPlist.strings;
			sourceTree = "<group>";
		};
		39EB055017DCD6BC00F057A0 /* Main.storyboard */ = {
			isa = PBXVariantGroup;
			children = (
				39EB055117DCD6BC00F057A0 /* Base */,
			);
			name = Main.storyboard;
			sourceTree = "<group>";
		};
		39EB056617DCD6BC00F057A0 /* InfoPlist.strings */ = {
			isa = PBXVariantGroup;
			children = (
				39EB056717DCD6BC00F057A0 /* en */,
			);
			name = InfoPlist.strings;
			sourceTree = "<group>";
		};
/* End PBXVariantGroup section */

/* Begin XCBuildConfiguration section */
		39EB056B17DCD6BC00F057A0 /* Debug */ = {
			isa = XCBuildConfiguration;
			buildSettings = {
				ALWAYS_SEARCH_USER_PATHS = NO;
				CLANG_CXX_LANGUAGE_STANDARD = "gnu++0x";
				CLANG_CXX_LIBRARY = "libc++";
				CLANG_ENABLE_MODULES = YES;
				CLANG_ENABLE_OBJC_ARC = YES;
				CLANG_WARN_BOOL_CONVERSION = YES;
				CLANG_WARN_CONSTANT_CONVERSION = YES;
				CLANG_WARN_DIRECT_OBJC_ISA_USAGE = YES_ERROR;
				CLANG_WARN_EMPTY_BODY = YES;
				CLANG_WARN_ENUM_CONVERSION = YES;
				CLANG_WARN_INT_CONVERSION = YES;
				CLANG_WARN_OBJC_ROOT_CLASS = YES_ERROR;
				CLANG_WARN__DUPLICATE_METHOD_MATCH = YES;
				"CODE_SIGN_IDENTITY[sdk=iphoneos*]" = "iPhone Developer";
				COPY_PHASE_STRIP = NO;
				GCC_C_LANGUAGE_STANDARD = gnu99;
				GCC_DYNAMIC_NO_PIC = NO;
				GCC_OPTIMIZATION_LEVEL = 0;
				GCC_PREPROCESSOR_DEFINITIONS = (
					"DEBUG=1",
					"$(inherited)",
				);
				GCC_SYMBOLS_PRIVATE_EXTERN = NO;
				GCC_WARN_ABOUT_RETURN_TYPE = YES_ERROR;
				GCC_WARN_UNDECLARED_SELECTOR = YES;
				GCC_WARN_UNINITIALIZED_AUTOS = YES;
				GCC_WARN_UNUSED_FUNCTION = YES;
				GCC_WARN_UNUSED_VARIABLE = YES;
				IPHONEOS_DEPLOYMENT_TARGET = 7.0;
				ONLY_ACTIVE_ARCH = YES;
				SDKROOT = iphoneos;
			};
			name = Debug;
		};
		39EB056C17DCD6BC00F057A0 /* Release */ = {
			isa = XCBuildConfiguration;
			buildSettings = {
				ALWAYS_SEARCH_USER_PATHS = NO;
				CLANG_CXX_LANGUAGE_STANDARD = "gnu++0x";
				CLANG_CXX_LIBRARY = "libc++";
				CLANG_ENABLE_MODULES = YES;
				CLANG_ENABLE_OBJC_ARC = YES;
				CLANG_WARN_BOOL_CONVERSION = YES;
				CLANG_WARN_CONSTANT_CONVERSION = YES;
				CLANG_WARN_DIRECT_OBJC_ISA_USAGE = YES_ERROR;
				CLANG_WARN_EMPTY_BODY = YES;
				CLANG_WARN_ENUM_CONVERSION = YES;
				CLANG_WARN_INT_CONVERSION = YES;
				CLANG_WARN_OBJC_ROOT_CLASS = YES_ERROR;
				CLANG_WARN__DUPLICATE_METHOD_MATCH = YES;
				"CODE_SIGN_IDENTITY[sdk=iphoneos*]" = "iPhone Developer";
				COPY_PHASE_STRIP = YES;
				ENABLE_NS_ASSERTIONS = NO;
				GCC_C_LANGUAGE_STANDARD = gnu99;
				GCC_WARN_ABOUT_RETURN_TYPE = YES_ERROR;
				GCC_WARN_UNDECLARED_SELECTOR = YES;
				GCC_WARN_UNINITIALIZED_AUTOS = YES;
				GCC_WARN_UNUSED_FUNCTION = YES;
				GCC_WARN_UNUSED_VARIABLE = YES;
				IPHONEOS_DEPLOYMENT_TARGET = 7.0;
				SDKROOT = iphoneos;
				VALIDATE_PRODUCT = YES;
			};
			name = Release;
		};
		39EB056E17DCD6BC00F057A0 /* Debug */ = {
			isa = XCBuildConfiguration;
			buildSettings = {
				ASSETCATALOG_COMPILER_APPICON_NAME = AppIcon;
				ASSETCATALOG_COMPILER_LAUNCHIMAGE_NAME = LaunchImage;
				GCC_PRECOMPILE_PREFIX_HEADER = YES;
				GCC_PREFIX_HEADER = "LibrosFenomenales/LibrosFenomenales-Prefix.pch";
				INFOPLIST_FILE = "LibrosFenomenales/LibrosFenomenales-Info.plist";
				PRODUCT_NAME = "$(TARGET_NAME)";
				WRAPPER_EXTENSION = app;
			};
			name = Debug;
		};
		39EB056F17DCD6BC00F057A0 /* Release */ = {
			isa = XCBuildConfiguration;
			buildSettings = {
				ASSETCATALOG_COMPILER_APPICON_NAME = AppIcon;
				ASSETCATALOG_COMPILER_LAUNCHIMAGE_NAME = LaunchImage;
				GCC_PRECOMPILE_PREFIX_HEADER = YES;
				GCC_PREFIX_HEADER = "LibrosFenomenales/LibrosFenomenales-Prefix.pch";
				INFOPLIST_FILE = "LibrosFenomenales/LibrosFenomenales-Info.plist";
				PRODUCT_NAME = "$(TARGET_NAME)";
				WRAPPER_EXTENSION = app;
			};
			name = Release;
		};
		39EB057117DCD6BC00F057A0 /* Debug */ = {
			isa = XCBuildConfiguration;
			buildSettings = {
				BUNDLE_LOADER = "$(BUILT_PRODUCTS_DIR)/LibrosFenomenales.app/LibrosFenomenales";
				FRAMEWORK_SEARCH_PATHS = (
					"$(SDKROOT)/Developer/Library/Frameworks",
					"$(inherited)",
					"$(SYSTEM_APPS_DIR)/Xcode5-DP3.app/Contents/Developer/Library/Frameworks",
				);
				GCC_PRECOMPILE_PREFIX_HEADER = YES;
				GCC_PREFIX_HEADER = "LibrosFenomenales/LibrosFenomenales-Prefix.pch";
				GCC_PREPROCESSOR_DEFINITIONS = (
					"DEBUG=1",
					"$(inherited)",
				);
				INFOPLIST_FILE = "LibrosFenomenalesTests/LibrosFenomenalesTests-Info.plist";
				PRODUCT_NAME = "$(TARGET_NAME)";
				TEST_HOST = "$(BUNDLE_LOADER)";
				WRAPPER_EXTENSION = xctest;
			};
			name = Debug;
		};
		39EB057217DCD6BC00F057A0 /* Release */ = {
			isa = XCBuildConfiguration;
			buildSettings = {
				BUNDLE_LOADER = "$(BUILT_PRODUCTS_DIR)/LibrosFenomenales.app/LibrosFenomenales";
				FRAMEWORK_SEARCH_PATHS = (
					"$(SDKROOT)/Developer/Library/Frameworks",
					"$(inherited)",
					"$(SYSTEM_APPS_DIR)/Xcode5-DP3.app/Contents/Developer/Library/Frameworks",
				);
				GCC_PRECOMPILE_PREFIX_HEADER = YES;
				GCC_PREFIX_HEADER = "LibrosFenomenales/LibrosFenomenales-Prefix.pch";
				INFOPLIST_FILE = "LibrosFenomenalesTests/LibrosFenomenalesTests-Info.plist";
				PRODUCT_NAME = "$(TARGET_NAME)";
				TEST_HOST = "$(BUNDLE_LOADER)";
				WRAPPER_EXTENSION = xctest;
			};
			name = Release;
		};
/* End XCBuildConfiguration section */

/* Begin XCConfigurationList section */
		39EB053617DCD6BB00F057A0 /* Build configuration list for PBXProject "LibrosFenomenales" */ = {
			isa = XCConfigurationList;
			buildConfigurations = (
				39EB056B17DCD6BC00F057A0 /* Debug */,
				39EB056C17DCD6BC00F057A0 /* Release */,
			);
			defaultConfigurationIsVisible = 0;
			defaultConfigurationName = Release;
		};
		39EB056D17DCD6BC00F057A0 /* Build configuration list for PBXNativeTarget "LibrosFenomenales" */ = {
			isa = XCConfigurationList;
			buildConfigurations = (
				39EB056E17DCD6BC00F057A0 /* Debug */,
				39EB056F17DCD6BC00F057A0 /* Release */,
			);
			defaultConfigurationIsVisible = 0;
			defaultConfigurationName = Release;
		};
		39EB057017DCD6BC00F057A0 /* Build configuration list for PBXNativeTarget "LibrosFenomenalesTests" */ = {
			isa = XCConfigurationList;
			buildConfigurations = (
				39EB057117DCD6BC00F057A0 /* Debug */,
				39EB057217DCD6BC00F057A0 /* Release */,
			);
			defaultConfigurationIsVisible = 0;
			defaultConfigurationName = Release;
		};
/* End XCConfigurationList section */
	};
	rootObject = 39EB053317DCD6BB00F057A0 /* Project object */;
}
